
Microsoft Visual Studio Solution File, Format Version 12.00
# Visual Studio 15
VisualStudioVersion = 15.0.28307.1145
MinimumVisualStudioVersion = 10.0.40219.1
Project("{8BC9CEB8-8B4A-11D0-8D11-00A0C91BC942}") = "DatFile", "DatFile\DatFile.vcxproj", "{5AA3007C-8027-466F-AD3A-7BB3C42413BF}"
EndProject
Project("{8BC9CEB8-8B4A-11D0-8D11-00A0C91BC942}") = "Library", "Library\Library.vcxproj", "{91DE8FB4-300B-4915-8CE0-ACEA55BCDE1F}"
EndProject
Project("{FAE04EC0-301F-11D3-BF4B-00C04F79EFBC}") = "TestPlatform", "TestPlatform\TestPlatform.csproj", "{6A9D455A-8BAE-41A2-B3E4-4DA13D5B02B8}"
EndProject
Project("{FAE04EC0-301F-11D3-BF4B-00C04F79EFBC}") = "carbon14.FuryUtils", "carbon14.FuryUtils\carbon14.FuryUtils.csproj", "{58E1BA93-CE93-4CD7-95A4-361FD1001987}"
	ProjectSection(ProjectDependencies) = postProject
		{91DE8FB4-300B-4915-8CE0-ACEA55BCDE1F} = {91DE8FB4-300B-4915-8CE0-ACEA55BCDE1F}
	EndProjectSection
EndProject
Global
	GlobalSection(SolutionConfigurationPlatforms) = preSolution
		Debug|Any CPU = Debug|Any CPU
		Debug|x64 = Debug|x64
		Debug|x86 = Debug|x86
		Release|Any CPU = Release|Any CPU
		Release|x64 = Release|x64
		Release|x86 = Release|x86
	EndGlobalSection
	GlobalSection(ProjectConfigurationPlatforms) = postSolution
		{5AA3007C-8027-466F-AD3A-7BB3C42413BF}.Debug|Any CPU.ActiveCfg = Debug|Win32
		{5AA3007C-8027-466F-AD3A-7BB3C42413BF}.Debug|x64.ActiveCfg = Debug|x64
		{5AA3007C-8027-466F-AD3A-7BB3C42413BF}.Debug|x64.Build.0 = Debug|x64
		{5AA3007C-8027-466F-AD3A-7BB3C42413BF}.Debug|x86.ActiveCfg = Debug|Win32
		{5AA3007C-8027-466F-AD3A-7BB3C42413BF}.Debug|x86.Build.0 = Debug|Win32
		{5AA3007C-8027-466F-AD3A-7BB3C42413BF}.Release|Any CPU.ActiveCfg = Release|Win32
		{5AA3007C-8027-466F-AD3A-7BB3C42413BF}.Release|x64.ActiveCfg = Release|x64
		{5AA3007C-8027-466F-AD3A-7BB3C42413BF}.Release|x64.Build.0 = Release|x64
		{5AA3007C-8027-466F-AD3A-7BB3C42413BF}.Release|x86.ActiveCfg = Release|Win32
		{5AA3007C-8027-466F-AD3A-7BB3C42413BF}.Release|x86.Build.0 = Release|Win32
		{91DE8FB4-300B-4915-8CE0-ACEA55BCDE1F}.Debug|Any CPU.ActiveCfg = Debug|Win32
		{91DE8FB4-300B-4915-8CE0-ACEA55BCDE1F}.Debug|x64.ActiveCfg = Debug|x64
		{91DE8FB4-300B-4915-8CE0-ACEA55BCDE1F}.Debug|x64.Build.0 = Debug|x64
		{91DE8FB4-300B-4915-8CE0-ACEA55BCDE1F}.Debug|x86.ActiveCfg = Debug|Win32
		{91DE8FB4-300B-4915-8CE0-ACEA55BCDE1F}.Debug|x86.Build.0 = Debug|Win32
		{91DE8FB4-300B-4915-8CE0-ACEA55BCDE1F}.Release|Any CPU.ActiveCfg = Release|Win32
		{91DE8FB4-300B-4915-8CE0-ACEA55BCDE1F}.Release|x64.ActiveCfg = Release|x64
		{91DE8FB4-300B-4915-8CE0-ACEA55BCDE1F}.Release|x64.Build.0 = Release|x64
		{91DE8FB4-300B-4915-8CE0-ACEA55BCDE1F}.Release|x86.ActiveCfg = Release|Win32
		{91DE8FB4-300B-4915-8CE0-ACEA55BCDE1F}.Release|x86.Build.0 = Release|Win32
		{6A9D455A-8BAE-41A2-B3E4-4DA13D5B02B8}.Debug|Any CPU.ActiveCfg = Debug|Any CPU
		{6A9D455A-8BAE-41A2-B3E4-4DA13D5B02B8}.Debug|Any CPU.Build.0 = Debug|Any CPU
		{6A9D455A-8BAE-41A2-B3E4-4DA13D5B02B8}.Debug|x64.ActiveCfg = Debug|Any CPU
		{6A9D455A-8BAE-41A2-B3E4-4DA13D5B02B8}.Debug|x64.Build.0 = Debug|Any CPU
		{6A9D455A-8BAE-41A2-B3E4-4DA13D5B02B8}.Debug|x86.ActiveCfg = Debug|Any CPU
		{6A9D455A-8BAE-41A2-B3E4-4DA13D5B02B8}.Debug|x86.Build.0 = Debug|Any CPU
		{6A9D455A-8BAE-41A2-B3E4-4DA13D5B02B8}.Release|Any CPU.ActiveCfg = Release|Any CPU
		{6A9D455A-8BAE-41A2-B3E4-4DA13D5B02B8}.Release|Any CPU.Build.0 = Release|Any CPU
		{6A9D455A-8BAE-41A2-B3E4-4DA13D5B02B8}.Release|x64.ActiveCfg = Release|Any CPU
		{6A9D455A-8BAE-41A2-B3E4-4DA13D5B02B8}.Release|x64.Build.0 = Release|Any CPU
		{6A9D455A-8BAE-41A2-B3E4-4DA13D5B02B8}.Release|x86.ActiveCfg = Release|Any CPU
		{6A9D455A-8BAE-41A2-B3E4-4DA13D5B02B8}.Release|x86.Build.0 = Release|Any CPU
		{58E1BA93-CE93-4CD7-95A4-361FD1001987}.Debug|Any CPU.ActiveCfg = Debug|Any CPU
		{58E1BA93-CE93-4CD7-95A4-361FD1001987}.Debug|Any CPU.Build.0 = Debug|Any CPU
		{58E1BA93-CE93-4CD7-95A4-361FD1001987}.Debug|x64.ActiveCfg = Debug|Any CPU
		{58E1BA93-CE93-4CD7-95A4-361FD1001987}.Debug|x64.Build.0 = Debug|Any CPU
		{58E1BA93-CE93-4CD7-95A4-361FD1001987}.Debug|x86.ActiveCfg = Debug|Any CPU
		{58E1BA93-CE93-4CD7-95A4-361FD1001987}.Debug|x86.Build.0 = Debug|Any CPU
		{58E1BA93-CE93-4CD7-95A4-361FD1001987}.Release|Any CPU.ActiveCfg = Release|Any CPU
		{58E1BA93-CE93-4CD7-95A4-361FD1001987}.Release|Any CPU.Build.0 = Release|Any CPU
		{58E1BA93-CE93-4CD7-95A4-361FD1001987}.Release|x64.ActiveCfg = Release|Any CPU
		{58E1BA93-CE93-4CD7-95A4-361FD1001987}.Release|x64.Build.0 = Release|Any CPU
		{58E1BA93-CE93-4CD7-95A4-361FD1001987}.Release|x86.ActiveCfg = Release|Any CPU
		{58E1BA93-CE93-4CD7-95A4-361FD1001987}.Release|x86.Build.0 = Release|Any CPU
	EndGlobalSection
	GlobalSection(SolutionProperties) = preSolution
		HideSolutionNode = FALSE
	EndGlobalSection
	GlobalSection(ExtensibilityGlobals) = postSolution
		SolutionGuid = {AC0C4B5C-747F-476A-908E-FE9703574C33}
	EndGlobalSection
EndGlobal
